
Microsoft Visual Studio Solution File, Format Version 12.00
# Visual Studio Version 17
VisualStudioVersion = 17.5.002.0
MinimumVisualStudioVersion = 10.0.40219.1
Project("{9A19103F-16F7-4668-BE54-9A1E7A4F7556}") = "DesafioPOO", "DesafioPOO.csproj", "{F00DEBDE-7C29-4565-8148-B056A6FD9772}"
EndProject
Global
	GlobalSection(SolutionConfigurationPlatforms) = preSolution
		Debug|Any CPU = Debug|Any CPU
		Release|Any CPU = Release|Any CPU
	EndGlobalSection
	GlobalSection(ProjectConfigurationPlatforms) = postSolution
		{F00DEBDE-7C29-4565-8148-B056A6FD9772}.Debug|Any CPU.ActiveCfg = Debug|Any CPU
		{F00DEBDE-7C29-4565-8148-B056A6FD9772}.Debug|Any CPU.Build.0 = Debug|Any CPU
		{F00DEBDE-7C29-4565-8148-B056A6FD9772}.Release|Any CPU.ActiveCfg = Release|Any CPU
		{F00DEBDE-7C29-4565-8148-B056A6FD9772}.Release|Any CPU.Build.0 = Release|Any CPU
	EndGlobalSection
	GlobalSection(SolutionProperties) = preSolution
		HideSolutionNode = FALSE
	EndGlobalSection
	GlobalSection(ExtensibilityGlobals) = postSolution
		SolutionGuid = {859E2F8A-D151-49DB-870F-44931657D4EE}
	EndGlobalSection
EndGlobal
